
Microsoft Visual Studio Solution File, Format Version 12.00
# Visual Studio Version 17
VisualStudioVersion = 17.7.34202.233
MinimumVisualStudioVersion = 10.0.40219.1
Project("{FAE04EC0-301F-11D3-BF4B-00C04F79EFBC}") = "csharp-exercise-inheritance-and-polymorphism", "csharp-exercise-inheritance-and-polymorphism\csharp-exercise-inheritance-and-polymorphism.csproj", "{FCA14186-B7A1-4393-A2F9-96FA511108BA}"
EndProject
Global
	GlobalSection(SolutionConfigurationPlatforms) = preSolution
		Debug|Any CPU = Debug|Any CPU
		Release|Any CPU = Release|Any CPU
	EndGlobalSection
	GlobalSection(ProjectConfigurationPlatforms) = postSolution
		{FCA14186-B7A1-4393-A2F9-96FA511108BA}.Debug|Any CPU.ActiveCfg = Debug|Any CPU
		{FCA14186-B7A1-4393-A2F9-96FA511108BA}.Debug|Any CPU.Build.0 = Debug|Any CPU
		{FCA14186-B7A1-4393-A2F9-96FA511108BA}.Release|Any CPU.ActiveCfg = Release|Any CPU
		{FCA14186-B7A1-4393-A2F9-96FA511108BA}.Release|Any CPU.Build.0 = Release|Any CPU
	EndGlobalSection
	GlobalSection(SolutionProperties) = preSolution
		HideSolutionNode = FALSE
	EndGlobalSection
	GlobalSection(ExtensibilityGlobals) = postSolution
		SolutionGuid = {A724E238-7D3C-4DDE-A701-C6BBE8F523C1}
	EndGlobalSection
EndGlobal
